// !$*UTF8*$!
{
	archiveVersion = 1;
	classes = {
	};
	objectVersion = 50;
	objects = {

/* Begin PBXBuildFile section */
		845E5492254BAF2B009B4C09 /* ImageCell.swift in Sources */ = {isa = PBXBuildFile; fileRef = 845E5491254BAF2B009B4C09 /* ImageCell.swift */; };
		845E5495254BB9C7009B4C09 /* ApiClient.swift in Sources */ = {isa = PBXBuildFile; fileRef = 845E5494254BB9C7009B4C09 /* ApiClient.swift */; };
		845E5498254BB9D5009B4C09 /* Config.swift in Sources */ = {isa = PBXBuildFile; fileRef = 845E5497254BB9D5009B4C09 /* Config.swift */; };
		846EA09A254BAA2700111A0A /* AppDelegate.swift in Sources */ = {isa = PBXBuildFile; fileRef = 846EA099254BAA2700111A0A /* AppDelegate.swift */; };
		846EA09C254BAA2700111A0A /* SceneDelegate.swift in Sources */ = {isa = PBXBuildFile; fileRef = 846EA09B254BAA2700111A0A /* SceneDelegate.swift */; };
		846EA09E254BAA2700111A0A /* PhotoSearchVC.swift in Sources */ = {isa = PBXBuildFile; fileRef = 846EA09D254BAA2700111A0A /* PhotoSearchVC.swift */; };
		846EA0A1254BAA2700111A0A /* Main.storyboard in Resources */ = {isa = PBXBuildFile; fileRef = 846EA09F254BAA2700111A0A /* Main.storyboard */; };
		846EA0A3254BAA2800111A0A /* Assets.xcassets in Resources */ = {isa = PBXBuildFile; fileRef = 846EA0A2254BAA2800111A0A /* Assets.xcassets */; };
		846EA0A6254BAA2800111A0A /* LaunchScreen.storyboard in Resources */ = {isa = PBXBuildFile; fileRef = 846EA0A4254BAA2800111A0A /* LaunchScreen.storyboard */; };
/* End PBXBuildFile section */

/* Begin PBXFileReference section */
		845E5491254BAF2B009B4C09 /* ImageCell.swift */ = {isa = PBXFileReference; lastKnownFileType = sourcecode.swift; path = ImageCell.swift; sourceTree = "<group>"; };
		845E5494254BB9C7009B4C09 /* ApiClient.swift */ = {isa = PBXFileReference; lastKnownFileType = sourcecode.swift; path = ApiClient.swift; sourceTree = "<group>"; };
		845E5497254BB9D5009B4C09 /* Config.swift */ = {isa = PBXFileReference; lastKnownFileType = sourcecode.swift; path = Config.swift; sourceTree = "<group>"; };
		846EA096254BAA2700111A0A /* Compositional-layout-Combine.app */ = {isa = PBXFileReference; explicitFileType = wrapper.application; includeInIndex = 0; path = "Compositional-layout-Combine.app"; sourceTree = BUILT_PRODUCTS_DIR; };
		846EA099254BAA2700111A0A /* AppDelegate.swift */ = {isa = PBXFileReference; lastKnownFileType = sourcecode.swift; path = AppDelegate.swift; sourceTree = "<group>"; };
		846EA09B254BAA2700111A0A /* SceneDelegate.swift */ = {isa = PBXFileReference; lastKnownFileType = sourcecode.swift; path = SceneDelegate.swift; sourceTree = "<group>"; };
		846EA09D254BAA2700111A0A /* PhotoSearchVC.swift */ = {isa = PBXFileReference; lastKnownFileType = sourcecode.swift; path = PhotoSearchVC.swift; sourceTree = "<group>"; };
		846EA0A0254BAA2700111A0A /* Base */ = {isa = PBXFileReference; lastKnownFileType = file.storyboard; name = Base; path = Base.lproj/Main.storyboard; sourceTree = "<group>"; };
		846EA0A2254BAA2800111A0A /* Assets.xcassets */ = {isa = PBXFileReference; lastKnownFileType = folder.assetcatalog; path = Assets.xcassets; sourceTree = "<group>"; };
		846EA0A5254BAA2800111A0A /* Base */ = {isa = PBXFileReference; lastKnownFileType = file.storyboard; name = Base; path = Base.lproj/LaunchScreen.storyboard; sourceTree = "<group>"; };
		846EA0A7254BAA2800111A0A /* Info.plist */ = {isa = PBXFileReference; lastKnownFileType = text.plist.xml; path = Info.plist; sourceTree = "<group>"; };
/* End PBXFileReference section */

/* Begin PBXFrameworksBuildPhase section */
		846EA093254BAA2700111A0A /* Frameworks */ = {
			isa = PBXFrameworksBuildPhase;
			buildActionMask = 2147483647;
			files = (
			);
			runOnlyForDeploymentPostprocessing = 0;
		};
/* End PBXFrameworksBuildPhase section */

/* Begin PBXGroup section */
		846EA08D254BAA2700111A0A = {
			isa = PBXGroup;
			children = (
				846EA098254BAA2700111A0A /* Compositional-layout-Combine */,
				846EA097254BAA2700111A0A /* Products */,
			);
			sourceTree = "<group>";
		};
		846EA097254BAA2700111A0A /* Products */ = {
			isa = PBXGroup;
			children = (
				846EA096254BAA2700111A0A /* Compositional-layout-Combine.app */,
			);
			name = Products;
			sourceTree = "<group>";
		};
		846EA098254BAA2700111A0A /* Compositional-layout-Combine */ = {
			isa = PBXGroup;
			children = (
				846EA099254BAA2700111A0A /* AppDelegate.swift */,
				846EA09B254BAA2700111A0A /* SceneDelegate.swift */,
				845E5497254BB9D5009B4C09 /* Config.swift */,
				845E5494254BB9C7009B4C09 /* ApiClient.swift */,
				845E5491254BAF2B009B4C09 /* ImageCell.swift */,
				846EA09D254BAA2700111A0A /* PhotoSearchVC.swift */,
				846EA09F254BAA2700111A0A /* Main.storyboard */,
				846EA0A2254BAA2800111A0A /* Assets.xcassets */,
				846EA0A4254BAA2800111A0A /* LaunchScreen.storyboard */,
				846EA0A7254BAA2800111A0A /* Info.plist */,
			);
			path = "Compositional-layout-Combine";
			sourceTree = "<group>";
		};
/* End PBXGroup section */

/* Begin PBXNativeTarget section */
		846EA095254BAA2700111A0A /* Compositional-layout-Combine */ = {
			isa = PBXNativeTarget;
			buildConfigurationList = 846EA0AA254BAA2800111A0A /* Build configuration list for PBXNativeTarget "Compositional-layout-Combine" */;
			buildPhases = (
				846EA092254BAA2700111A0A /* Sources */,
				846EA093254BAA2700111A0A /* Frameworks */,
				846EA094254BAA2700111A0A /* Resources */,
			);
			buildRules = (
			);
			dependencies = (
			);
			name = "Compositional-layout-Combine";
			productName = "Compositional-layout-Combine";
			productReference = 846EA096254BAA2700111A0A /* Compositional-layout-Combine.app */;
			productType = "com.apple.product-type.application";
		};
/* End PBXNativeTarget section */

/* Begin PBXProject section */
		846EA08E254BAA2700111A0A /* Project object */ = {
			isa = PBXProject;
			attributes = {
				LastSwiftUpdateCheck = 1210;
				LastUpgradeCheck = 1210;
				TargetAttributes = {
					846EA095254BAA2700111A0A = {
						CreatedOnToolsVersion = 12.1;
					};
				};
			};
			buildConfigurationList = 846EA091254BAA2700111A0A /* Build configuration list for PBXProject "Compositional-layout-Combine" */;
			compatibilityVersion = "Xcode 9.3";
			developmentRegion = en;
			hasScannedForEncodings = 0;
			knownRegions = (
				en,
				Base,
			);
			mainGroup = 846EA08D254BAA2700111A0A;
			productRefGroup = 846EA097254BAA2700111A0A /* Products */;
			projectDirPath = "";
			projectRoot = "";
			targets = (
				846EA095254BAA2700111A0A /* Compositional-layout-Combine */,
			);
		};
/* End PBXProject section */

/* Begin PBXResourcesBuildPhase section */
		846EA094254BAA2700111A0A /* Resources */ = {
			isa = PBXResourcesBuildPhase;
			buildActionMask = 2147483647;
			files = (
				846EA0A6254BAA2800111A0A /* LaunchScreen.storyboard in Resources */,
				846EA0A3254BAA2800111A0A /* Assets.xcassets in Resources */,
				846EA0A1254BAA2700111A0A /* Main.storyboard in Resources */,
			);
			runOnlyForDeploymentPostprocessing = 0;
		};
/* End PBXResourcesBuildPhase section */

/* Begin PBXSourcesBuildPhase section */
		846EA092254BAA2700111A0A /* Sources */ = {
			isa = PBXSourcesBuildPhase;
			buildActionMask = 2147483647;
			files = (
				846EA09E254BAA2700111A0A /* PhotoSearchVC.swift in Sources */,
				845E5492254BAF2B009B4C09 /* ImageCell.swift in Sources */,
				846EA09A254BAA2700111A0A /* AppDelegate.swift in Sources */,
				846EA09C254BAA2700111A0A /* SceneDelegate.swift in Sources */,
				845E5495254BB9C7009B4C09 /* ApiClient.swift in Sources */,
				845E5498254BB9D5009B4C09 /* Config.swift in Sources */,
			);
			runOnlyForDeploymentPostprocessing = 0;
		};
/* End PBXSourcesBuildPhase section */

/* Begin PBXVariantGroup section */
		846EA09F254BAA2700111A0A /* Main.storyboard */ = {
			isa = PBXVariantGroup;
			children = (
				846EA0A0254BAA2700111A0A /* Base */,
			);
			name = Main.storyboard;
			sourceTree = "<group>";
		};
		846EA0A4254BAA2800111A0A /* LaunchScreen.storyboard */ = {
			isa = PBXVariantGroup;
			children = (
				846EA0A5254BAA2800111A0A /* Base */,
			);
			name = LaunchScreen.storyboard;
			sourceTree = "<group>";
		};
/* End PBXVariantGroup section */

/* Begin XCBuildConfiguration section */
		846EA0A8254BAA2800111A0A /* Debug */ = {
			isa = XCBuildConfiguration;
			buildSettings = {
				ALWAYS_SEARCH_USER_PATHS = NO;
				CLANG_ANALYZER_NONNULL = YES;
				CLANG_ANALYZER_NUMBER_OBJECT_CONVERSION = YES_AGGRESSIVE;
				CLANG_CXX_LANGUAGE_STANDARD = "gnu++14";
				CLANG_CXX_LIBRARY = "libc++";
				CLANG_ENABLE_MODULES = YES;
				CLANG_ENABLE_OBJC_ARC = YES;
				CLANG_ENABLE_OBJC_WEAK = YES;
				CLANG_WARN_BLOCK_CAPTURE_AUTORELEASING = YES;
				CLANG_WARN_BOOL_CONVERSION = YES;
				CLANG_WARN_COMMA = YES;
				CLANG_WARN_CONSTANT_CONVERSION = YES;
				CLANG_WARN_DEPRECATED_OBJC_IMPLEMENTATIONS = YES;
				CLANG_WARN_DIRECT_OBJC_ISA_USAGE = YES_ERROR;
				CLANG_WARN_DOCUMENTATION_COMMENTS = YES;
				CLANG_WARN_EMPTY_BODY = YES;
				CLANG_WARN_ENUM_CONVERSION = YES;
				CLANG_WARN_INFINITE_RECURSION = YES;
				CLANG_WARN_INT_CONVERSION = YES;
				CLANG_WARN_NON_LITERAL_NULL_CONVERSION = YES;
				CLANG_WARN_OBJC_IMPLICIT_RETAIN_SELF = YES;
				CLANG_WARN_OBJC_LITERAL_CONVERSION = YES;
				CLANG_WARN_OBJC_ROOT_CLASS = YES_ERROR;
				CLANG_WARN_QUOTED_INCLUDE_IN_FRAMEWORK_HEADER = YES;
				CLANG_WARN_RANGE_LOOP_ANALYSIS = YES;
				CLANG_WARN_STRICT_PROTOTYPES = YES;
				CLANG_WARN_SUSPICIOUS_MOVE = YES;
				CLANG_WARN_UNGUARDED_AVAILABILITY = YES_AGGRESSIVE;
				CLANG_WARN_UNREACHABLE_CODE = YES;
				CLANG_WARN__DUPLICATE_METHOD_MATCH = YES;
				COPY_PHASE_STRIP = NO;
				DEBUG_INFORMATION_FORMAT = dwarf;
				ENABLE_STRICT_OBJC_MSGSEND = YES;
				ENABLE_TESTABILITY = YES;
				GCC_C_LANGUAGE_STANDARD = gnu11;
				GCC_DYNAMIC_NO_PIC = NO;
				GCC_NO_COMMON_BLOCKS = YES;
				GCC_OPTIMIZATION_LEVEL = 0;
				GCC_PREPROCESSOR_DEFINITIONS = (
					"DEBUG=1",
					"$(inherited)",
				);
				GCC_WARN_64_TO_32_BIT_CONVERSION = YES;
				GCC_WARN_ABOUT_RETURN_TYPE = YES_ERROR;
				GCC_WARN_UNDECLARED_SELECTOR = YES;
				GCC_WARN_UNINITIALIZED_AUTOS = YES_AGGRESSIVE;
				GCC_WARN_UNUSED_FUNCTION = YES;
				GCC_WARN_UNUSED_VARIABLE = YES;
				IPHONEOS_DEPLOYMENT_TARGET = 14.1;
				MTL_ENABLE_DEBUG_INFO = INCLUDE_SOURCE;
				MTL_FAST_MATH = YES;
				ONLY_ACTIVE_ARCH = YES;
				SDKROOT = iphoneos;
				SWIFT_ACTIVE_COMPILATION_CONDITIONS = DEBUG;
				SWIFT_OPTIMIZATION_LEVEL = "-Onone";
			};
			name = Debug;
		};
		846EA0A9254BAA2800111A0A /* Release */ = {
			isa = XCBuildConfiguration;
			buildSettings = {
				ALWAYS_SEARCH_USER_PATHS = NO;
				CLANG_ANALYZER_NONNULL = YES;
				CLANG_ANALYZER_NUMBER_OBJECT_CONVERSION = YES_AGGRESSIVE;
				CLANG_CXX_LANGUAGE_STANDARD = "gnu++14";
				CLANG_CXX_LIBRARY = "libc++";
				CLANG_ENABLE_MODULES = YES;
				CLANG_ENABLE_OBJC_ARC = YES;
				CLANG_ENABLE_OBJC_WEAK = YES;
				CLANG_WARN_BLOCK_CAPTURE_AUTORELEASING = YES;
				CLANG_WARN_BOOL_CONVERSION = YES;
				CLANG_WARN_COMMA = YES;
				CLANG_WARN_CONSTANT_CONVERSION = YES;
				CLANG_WARN_DEPRECATED_OBJC_IMPLEMENTATIONS = YES;
				CLANG_WARN_DIRECT_OBJC_ISA_USAGE = YES_ERROR;
				CLANG_WARN_DOCUMENTATION_COMMENTS = YES;
				CLANG_WARN_EMPTY_BODY = YES;
				CLANG_WARN_ENUM_CONVERSION = YES;
				CLANG_WARN_INFINITE_RECURSION = YES;
				CLANG_WARN_INT_CONVERSION = YES;
				CLANG_WARN_NON_LITERAL_NULL_CONVERSION = YES;
				CLANG_WARN_OBJC_IMPLICIT_RETAIN_SELF = YES;
				CLANG_WARN_OBJC_LITERAL_CONVERSION = YES;
				CLANG_WARN_OBJC_ROOT_CLASS = YES_ERROR;
				CLANG_WARN_QUOTED_INCLUDE_IN_FRAMEWORK_HEADER = YES;
				CLANG_WARN_RANGE_LOOP_ANALYSIS = YES;
				CLANG_WARN_STRICT_PROTOTYPES = YES;
				CLANG_WARN_SUSPICIOUS_MOVE = YES;
				CLANG_WARN_UNGUARDED_AVAILABILITY = YES_AGGRESSIVE;
				CLANG_WARN_UNREACHABLE_CODE = YES;
				CLANG_WARN__DUPLICATE_METHOD_MATCH = YES;
				COPY_PHASE_STRIP = NO;
				DEBUG_INFORMATION_FORMAT = "dwarf-with-dsym";
				ENABLE_NS_ASSERTIONS = NO;
				ENABLE_STRICT_OBJC_MSGSEND = YES;
				GCC_C_LANGUAGE_STANDARD = gnu11;
				GCC_NO_COMMON_BLOCKS = YES;
				GCC_WARN_64_TO_32_BIT_CONVERSION = YES;
				GCC_WARN_ABOUT_RETURN_TYPE = YES_ERROR;
				GCC_WARN_UNDECLARED_SELECTOR = YES;
				GCC_WARN_UNINITIALIZED_AUTOS = YES_AGGRESSIVE;
				GCC_WARN_UNUSED_FUNCTION = YES;
				GCC_WARN_UNUSED_VARIABLE = YES;
				IPHONEOS_DEPLOYMENT_TARGET = 14.1;
				MTL_ENABLE_DEBUG_INFO = NO;
				MTL_FAST_MATH = YES;
				SDKROOT = iphoneos;
				SWIFT_COMPILATION_MODE = wholemodule;
				SWIFT_OPTIMIZATION_LEVEL = "-O";
				VALIDATE_PRODUCT = YES;
			};
			name = Release;
		};
		846EA0AB254BAA2800111A0A /* Debug */ = {
			isa = XCBuildConfiguration;
			buildSettings = {
				ASSETCATALOG_COMPILER_APPICON_NAME = AppIcon;
				ASSETCATALOG_COMPILER_GLOBAL_ACCENT_COLOR_NAME = AccentColor;
				CODE_SIGN_STYLE = Automatic;
				DEVELOPMENT_TEAM = 83DYP84L8W;
				INFOPLIST_FILE = "Compositional-layout-Combine/Info.plist";
				LD_RUNPATH_SEARCH_PATHS = (
					"$(inherited)",
					"@executable_path/Frameworks",
				);
				PRODUCT_BUNDLE_IDENTIFIER = "Tsering-Lama.Compositional-layout-Combine";
				PRODUCT_NAME = "$(TARGET_NAME)";
				SWIFT_VERSION = 5.0;
				TARGETED_DEVICE_FAMILY = "1,2";
			};
			name = Debug;
		};
		846EA0AC254BAA2800111A0A /* Release */ = {
			isa = XCBuildConfiguration;
			buildSettings = {
				ASSETCATALOG_COMPILER_APPICON_NAME = AppIcon;
				ASSETCATALOG_COMPILER_GLOBAL_ACCENT_COLOR_NAME = AccentColor;
				CODE_SIGN_STYLE = Automatic;
				DEVELOPMENT_TEAM = 83DYP84L8W;
				INFOPLIST_FILE = "Compositional-layout-Combine/Info.plist";
				LD_RUNPATH_SEARCH_PATHS = (
					"$(inherited)",
					"@executable_path/Frameworks",
				);
				PRODUCT_BUNDLE_IDENTIFIER = "Tsering-Lama.Compositional-layout-Combine";
				PRODUCT_NAME = "$(TARGET_NAME)";
				SWIFT_VERSION = 5.0;
				TARGETED_DEVICE_FAMILY = "1,2";
			};
			name = Release;
		};
/* End XCBuildConfiguration section */

/* Begin XCConfigurationList section */
		846EA091254BAA2700111A0A /* Build configuration list for PBXProject "Compositional-layout-Combine" */ = {
			isa = XCConfigurationList;
			buildConfigurations = (
				846EA0A8254BAA2800111A0A /* Debug */,
				846EA0A9254BAA2800111A0A /* Release */,
			);
			defaultConfigurationIsVisible = 0;
			defaultConfigurationName = Release;
		};
		846EA0AA254BAA2800111A0A /* Build configuration list for PBXNativeTarget "Compositional-layout-Combine" */ = {
			isa = XCConfigurationList;
			buildConfigurations = (
				846EA0AB254BAA2800111A0A /* Debug */,
				846EA0AC254BAA2800111A0A /* Release */,
			);
			defaultConfigurationIsVisible = 0;
			defaultConfigurationName = Release;
		};
/* End XCConfigurationList section */
	};
	rootObject = 846EA08E254BAA2700111A0A /* Project object */;
}
